
Microsoft Visual Studio Solution File, Format Version 12.00
# Visual Studio 15
VisualStudioVersion = 15.0.26430.16
MinimumVisualStudioVersion = 10.0.40219.1
Project("{FAE04EC0-301F-11D3-BF4B-00C04F79EFBC}") = "AuthorizeIntOauth2", "WebApplication19\AuthorizeIntOauth2.csproj", "{DE20DD23-E562-4C54-85DD-F562AF58B15E}"
EndProject
Project("{FAE04EC0-301F-11D3-BF4B-00C04F79EFBC}") = "UnitTestW19", "UnitTestW19\UnitTestW19.csproj", "{941AE9ED-25A8-4EC9-8D2D-56FC81B0CF9D}"
EndProject
Global
	GlobalSection(SolutionConfigurationPlatforms) = preSolution
		Debug|Any CPU = Debug|Any CPU
		Release|Any CPU = Release|Any CPU
	EndGlobalSection
	GlobalSection(ProjectConfigurationPlatforms) = postSolution
		{DE20DD23-E562-4C54-85DD-F562AF58B15E}.Debug|Any CPU.ActiveCfg = Debug|Any CPU
		{DE20DD23-E562-4C54-85DD-F562AF58B15E}.Debug|Any CPU.Build.0 = Debug|Any CPU
		{DE20DD23-E562-4C54-85DD-F562AF58B15E}.Release|Any CPU.ActiveCfg = Release|Any CPU
		{DE20DD23-E562-4C54-85DD-F562AF58B15E}.Release|Any CPU.Build.0 = Release|Any CPU
		{941AE9ED-25A8-4EC9-8D2D-56FC81B0CF9D}.Debug|Any CPU.ActiveCfg = Debug|Any CPU
		{941AE9ED-25A8-4EC9-8D2D-56FC81B0CF9D}.Debug|Any CPU.Build.0 = Debug|Any CPU
		{941AE9ED-25A8-4EC9-8D2D-56FC81B0CF9D}.Release|Any CPU.ActiveCfg = Release|Any CPU
		{941AE9ED-25A8-4EC9-8D2D-56FC81B0CF9D}.Release|Any CPU.Build.0 = Release|Any CPU
	EndGlobalSection
	GlobalSection(SolutionProperties) = preSolution
		HideSolutionNode = FALSE
	EndGlobalSection
EndGlobal
